
Microsoft Visual Studio Solution File, Format Version 12.00
# Visual Studio Version 17
VisualStudioVersion = 17.10.34804.81
MinimumVisualStudioVersion = 10.0.40219.1
Project("{FAE04EC0-301F-11D3-BF4B-00C04F79EFBC}") = "Week15OOP", "Week15OOP\Week15OOP.csproj", "{08FB267C-3FE7-4490-A069-0AA1B73731D9}"
EndProject
Global
	GlobalSection(SolutionConfigurationPlatforms) = preSolution
		Debug|Any CPU = Debug|Any CPU
		Release|Any CPU = Release|Any CPU
	EndGlobalSection
	GlobalSection(ProjectConfigurationPlatforms) = postSolution
		{08FB267C-3FE7-4490-A069-0AA1B73731D9}.Debug|Any CPU.ActiveCfg = Debug|Any CPU
		{08FB267C-3FE7-4490-A069-0AA1B73731D9}.Debug|Any CPU.Build.0 = Debug|Any CPU
		{08FB267C-3FE7-4490-A069-0AA1B73731D9}.Release|Any CPU.ActiveCfg = Release|Any CPU
		{08FB267C-3FE7-4490-A069-0AA1B73731D9}.Release|Any CPU.Build.0 = Release|Any CPU
	EndGlobalSection
	GlobalSection(SolutionProperties) = preSolution
		HideSolutionNode = FALSE
	EndGlobalSection
	GlobalSection(ExtensibilityGlobals) = postSolution
		SolutionGuid = {958507B8-8AA1-48AE-8F40-890264D98B98}
	EndGlobalSection
EndGlobal
